// !$*UTF8*$!
{
	archiveVersion = 1;
	classes = {
	};
	objectVersion = 50;
	objects = {

/* Begin PBXBuildFile section */
		1559D1B5225D026A00C70909 /* AppDelegate.swift in Sources */ = {isa = PBXBuildFile; fileRef = 1559D1B4225D026A00C70909 /* AppDelegate.swift */; };
		1559D1B7225D026A00C70909 /* ViewController.swift in Sources */ = {isa = PBXBuildFile; fileRef = 1559D1B6225D026A00C70909 /* ViewController.swift */; };
		1559D1BA225D026B00C70909 /* Main.storyboard in Resources */ = {isa = PBXBuildFile; fileRef = 1559D1B8225D026B00C70909 /* Main.storyboard */; };
		1559D1BC225D02E900C70909 /* Assets.xcassets in Resources */ = {isa = PBXBuildFile; fileRef = 1559D1BB225D02E900C70909 /* Assets.xcassets */; };
		1559D1BF225D02E900C70909 /* LaunchScreen.storyboard in Resources */ = {isa = PBXBuildFile; fileRef = 1559D1BD225D02E900C70909 /* LaunchScreen.storyboard */; };
		1559D1CA225D02ED00C70909 /* USSestriLevanteTests.swift in Sources */ = {isa = PBXBuildFile; fileRef = 1559D1C9225D02ED00C70909 /* USSestriLevanteTests.swift */; };
		1559D1D5225D02ED00C70909 /* USSestriLevanteUITests.swift in Sources */ = {isa = PBXBuildFile; fileRef = 1559D1D4225D02ED00C70909 /* USSestriLevanteUITests.swift */; };
		1559D1E5225D06DF00C70909 /* FirstTeam.swift in Sources */ = {isa = PBXBuildFile; fileRef = 1559D1E4225D06DF00C70909 /* FirstTeam.swift */; };
		1559D1E7225D0F5B00C70909 /* Player.swift in Sources */ = {isa = PBXBuildFile; fileRef = 1559D1E6225D0F5B00C70909 /* Player.swift */; };
/* End PBXBuildFile section */

/* Begin PBXContainerItemProxy section */
		1559D1C6225D02ED00C70909 /* PBXContainerItemProxy */ = {
			isa = PBXContainerItemProxy;
			containerPortal = 1559D1A9225D026500C70909 /* Project object */;
			proxyType = 1;
			remoteGlobalIDString = 1559D1B0225D026700C70909;
			remoteInfo = USSestriLevante;
		};
		1559D1D1225D02ED00C70909 /* PBXContainerItemProxy */ = {
			isa = PBXContainerItemProxy;
			containerPortal = 1559D1A9225D026500C70909 /* Project object */;
			proxyType = 1;
			remoteGlobalIDString = 1559D1B0225D026700C70909;
			remoteInfo = USSestriLevante;
		};
/* End PBXContainerItemProxy section */

/* Begin PBXFileReference section */
		1559D1B1225D026900C70909 /* USSestriLevante.app */ = {isa = PBXFileReference; explicitFileType = wrapper.application; includeInIndex = 0; path = USSestriLevante.app; sourceTree = BUILT_PRODUCTS_DIR; };
		1559D1B4225D026A00C70909 /* AppDelegate.swift */ = {isa = PBXFileReference; lastKnownFileType = sourcecode.swift; path = AppDelegate.swift; sourceTree = "<group>"; };
		1559D1B6225D026A00C70909 /* ViewController.swift */ = {isa = PBXFileReference; lastKnownFileType = sourcecode.swift; path = ViewController.swift; sourceTree = "<group>"; };
		1559D1B9225D026B00C70909 /* Base */ = {isa = PBXFileReference; lastKnownFileType = file.storyboard; name = Base; path = Base.lproj/Main.storyboard; sourceTree = "<group>"; };
		1559D1BB225D02E900C70909 /* Assets.xcassets */ = {isa = PBXFileReference; lastKnownFileType = folder.assetcatalog; path = Assets.xcassets; sourceTree = "<group>"; };
		1559D1BE225D02E900C70909 /* Base */ = {isa = PBXFileReference; lastKnownFileType = file.storyboard; name = Base; path = Base.lproj/LaunchScreen.storyboard; sourceTree = "<group>"; };
		1559D1C0225D02E900C70909 /* Info.plist */ = {isa = PBXFileReference; lastKnownFileType = text.plist.xml; path = Info.plist; sourceTree = "<group>"; };
		1559D1C5225D02ED00C70909 /* USSestriLevanteTests.xctest */ = {isa = PBXFileReference; explicitFileType = wrapper.cfbundle; includeInIndex = 0; path = USSestriLevanteTests.xctest; sourceTree = BUILT_PRODUCTS_DIR; };
		1559D1C9225D02ED00C70909 /* USSestriLevanteTests.swift */ = {isa = PBXFileReference; lastKnownFileType = sourcecode.swift; path = USSestriLevanteTests.swift; sourceTree = "<group>"; };
		1559D1CB225D02ED00C70909 /* Info.plist */ = {isa = PBXFileReference; lastKnownFileType = text.plist.xml; path = Info.plist; sourceTree = "<group>"; };
		1559D1D0225D02ED00C70909 /* USSestriLevanteUITests.xctest */ = {isa = PBXFileReference; explicitFileType = wrapper.cfbundle; includeInIndex = 0; path = USSestriLevanteUITests.xctest; sourceTree = BUILT_PRODUCTS_DIR; };
		1559D1D4225D02ED00C70909 /* USSestriLevanteUITests.swift */ = {isa = PBXFileReference; lastKnownFileType = sourcecode.swift; path = USSestriLevanteUITests.swift; sourceTree = "<group>"; };
		1559D1D6225D02ED00C70909 /* Info.plist */ = {isa = PBXFileReference; lastKnownFileType = text.plist.xml; path = Info.plist; sourceTree = "<group>"; };
		1559D1E4225D06DF00C70909 /* FirstTeam.swift */ = {isa = PBXFileReference; lastKnownFileType = sourcecode.swift; path = FirstTeam.swift; sourceTree = "<group>"; };
		1559D1E6225D0F5B00C70909 /* Player.swift */ = {isa = PBXFileReference; lastKnownFileType = sourcecode.swift; path = Player.swift; sourceTree = "<group>"; };
/* End PBXFileReference section */

/* Begin PBXFrameworksBuildPhase section */
		1559D1AE225D026700C70909 /* Frameworks */ = {
			isa = PBXFrameworksBuildPhase;
			buildActionMask = 2147483647;
			files = (
			);
			runOnlyForDeploymentPostprocessing = 0;
		};
		1559D1C2225D02ED00C70909 /* Frameworks */ = {
			isa = PBXFrameworksBuildPhase;
			buildActionMask = 2147483647;
			files = (
			);
			runOnlyForDeploymentPostprocessing = 0;
		};
		1559D1CD225D02ED00C70909 /* Frameworks */ = {
			isa = PBXFrameworksBuildPhase;
			buildActionMask = 2147483647;
			files = (
			);
			runOnlyForDeploymentPostprocessing = 0;
		};
/* End PBXFrameworksBuildPhase section */

/* Begin PBXGroup section */
		1559D1A8225D026500C70909 = {
			isa = PBXGroup;
			children = (
				1559D1B3225D026900C70909 /* USSestriLevante */,
				1559D1C8225D02ED00C70909 /* USSestriLevanteTests */,
				1559D1D3225D02ED00C70909 /* USSestriLevanteUITests */,
				1559D1B2225D026900C70909 /* Products */,
			);
			sourceTree = "<group>";
		};
		1559D1B2225D026900C70909 /* Products */ = {
			isa = PBXGroup;
			children = (
				1559D1B1225D026900C70909 /* USSestriLevante.app */,
				1559D1C5225D02ED00C70909 /* USSestriLevanteTests.xctest */,
				1559D1D0225D02ED00C70909 /* USSestriLevanteUITests.xctest */,
			);
			name = Products;
			sourceTree = "<group>";
		};
		1559D1B3225D026900C70909 /* USSestriLevante */ = {
			isa = PBXGroup;
			children = (
				1559D1E3225D05B200C70909 /* Model */,
				1559D1E2225D059F00C70909 /* Controller */,
				1559D1B8225D026B00C70909 /* Main.storyboard */,
				1559D1BB225D02E900C70909 /* Assets.xcassets */,
				1559D1BD225D02E900C70909 /* LaunchScreen.storyboard */,
				1559D1C0225D02E900C70909 /* Info.plist */,
			);
			path = USSestriLevante;
			sourceTree = "<group>";
		};
		1559D1C8225D02ED00C70909 /* USSestriLevanteTests */ = {
			isa = PBXGroup;
			children = (
				1559D1C9225D02ED00C70909 /* USSestriLevanteTests.swift */,
				1559D1CB225D02ED00C70909 /* Info.plist */,
			);
			path = USSestriLevanteTests;
			sourceTree = "<group>";
		};
		1559D1D3225D02ED00C70909 /* USSestriLevanteUITests */ = {
			isa = PBXGroup;
			children = (
				1559D1D4225D02ED00C70909 /* USSestriLevanteUITests.swift */,
				1559D1D6225D02ED00C70909 /* Info.plist */,
			);
			path = USSestriLevanteUITests;
			sourceTree = "<group>";
		};
		1559D1E2225D059F00C70909 /* Controller */ = {
			isa = PBXGroup;
			children = (
				1559D1B4225D026A00C70909 /* AppDelegate.swift */,
				1559D1B6225D026A00C70909 /* ViewController.swift */,
			);
			path = Controller;
			sourceTree = "<group>";
		};
		1559D1E3225D05B200C70909 /* Model */ = {
			isa = PBXGroup;
			children = (
				1559D1E4225D06DF00C70909 /* FirstTeam.swift */,
				1559D1E6225D0F5B00C70909 /* Player.swift */,
			);
			path = Model;
			sourceTree = "<group>";
		};
/* End PBXGroup section */

/* Begin PBXNativeTarget section */
		1559D1B0225D026700C70909 /* USSestriLevante */ = {
			isa = PBXNativeTarget;
			buildConfigurationList = 1559D1D9225D02ED00C70909 /* Build configuration list for PBXNativeTarget "USSestriLevante" */;
			buildPhases = (
				1559D1AD225D026700C70909 /* Sources */,
				1559D1AE225D026700C70909 /* Frameworks */,
				1559D1AF225D026700C70909 /* Resources */,
			);
			buildRules = (
			);
			dependencies = (
			);
			name = USSestriLevante;
			productName = USSestriLevante;
			productReference = 1559D1B1225D026900C70909 /* USSestriLevante.app */;
			productType = "com.apple.product-type.application";
		};
		1559D1C4225D02ED00C70909 /* USSestriLevanteTests */ = {
			isa = PBXNativeTarget;
			buildConfigurationList = 1559D1DC225D02ED00C70909 /* Build configuration list for PBXNativeTarget "USSestriLevanteTests" */;
			buildPhases = (
				1559D1C1225D02ED00C70909 /* Sources */,
				1559D1C2225D02ED00C70909 /* Frameworks */,
				1559D1C3225D02ED00C70909 /* Resources */,
			);
			buildRules = (
			);
			dependencies = (
				1559D1C7225D02ED00C70909 /* PBXTargetDependency */,
			);
			name = USSestriLevanteTests;
			productName = USSestriLevanteTests;
			productReference = 1559D1C5225D02ED00C70909 /* USSestriLevanteTests.xctest */;
			productType = "com.apple.product-type.bundle.unit-test";
		};
		1559D1CF225D02ED00C70909 /* USSestriLevanteUITests */ = {
			isa = PBXNativeTarget;
			buildConfigurationList = 1559D1DF225D02ED00C70909 /* Build configuration list for PBXNativeTarget "USSestriLevanteUITests" */;
			buildPhases = (
				1559D1CC225D02ED00C70909 /* Sources */,
				1559D1CD225D02ED00C70909 /* Frameworks */,
				1559D1CE225D02ED00C70909 /* Resources */,
			);
			buildRules = (
			);
			dependencies = (
				1559D1D2225D02ED00C70909 /* PBXTargetDependency */,
			);
			name = USSestriLevanteUITests;
			productName = USSestriLevanteUITests;
			productReference = 1559D1D0225D02ED00C70909 /* USSestriLevanteUITests.xctest */;
			productType = "com.apple.product-type.bundle.ui-testing";
		};
/* End PBXNativeTarget section */

/* Begin PBXProject section */
		1559D1A9225D026500C70909 /* Project object */ = {
			isa = PBXProject;
			attributes = {
				LastSwiftUpdateCheck = 1010;
				LastUpgradeCheck = 1010;
				ORGANIZATIONNAME = "Andrea Bacigalupo";
				TargetAttributes = {
					1559D1B0225D026700C70909 = {
						CreatedOnToolsVersion = 10.1;
					};
					1559D1C4225D02ED00C70909 = {
						CreatedOnToolsVersion = 10.1;
						TestTargetID = 1559D1B0225D026700C70909;
					};
					1559D1CF225D02ED00C70909 = {
						CreatedOnToolsVersion = 10.1;
						TestTargetID = 1559D1B0225D026700C70909;
					};
				};
			};
			buildConfigurationList = 1559D1AC225D026500C70909 /* Build configuration list for PBXProject "USSestriLevante" */;
			compatibilityVersion = "Xcode 9.3";
			developmentRegion = en;
			hasScannedForEncodings = 0;
			knownRegions = (
				en,
				Base,
			);
			mainGroup = 1559D1A8225D026500C70909;
			productRefGroup = 1559D1B2225D026900C70909 /* Products */;
			projectDirPath = "";
			projectRoot = "";
			targets = (
				1559D1B0225D026700C70909 /* USSestriLevante */,
				1559D1C4225D02ED00C70909 /* USSestriLevanteTests */,
				1559D1CF225D02ED00C70909 /* USSestriLevanteUITests */,
			);
		};
/* End PBXProject section */

/* Begin PBXResourcesBuildPhase section */
		1559D1AF225D026700C70909 /* Resources */ = {
			isa = PBXResourcesBuildPhase;
			buildActionMask = 2147483647;
			files = (
				1559D1BF225D02E900C70909 /* LaunchScreen.storyboard in Resources */,
				1559D1BC225D02E900C70909 /* Assets.xcassets in Resources */,
				1559D1BA225D026B00C70909 /* Main.storyboard in Resources */,
			);
			runOnlyForDeploymentPostprocessing = 0;
		};
		1559D1C3225D02ED00C70909 /* Resources */ = {
			isa = PBXResourcesBuildPhase;
			buildActionMask = 2147483647;
			files = (
			);
			runOnlyForDeploymentPostprocessing = 0;
		};
		1559D1CE225D02ED00C70909 /* Resources */ = {
			isa = PBXResourcesBuildPhase;
			buildActionMask = 2147483647;
			files = (
			);
			runOnlyForDeploymentPostprocessing = 0;
		};
/* End PBXResourcesBuildPhase section */

/* Begin PBXSourcesBuildPhase section */
		1559D1AD225D026700C70909 /* Sources */ = {
			isa = PBXSourcesBuildPhase;
			buildActionMask = 2147483647;
			files = (
				1559D1E7225D0F5B00C70909 /* Player.swift in Sources */,
				1559D1B7225D026A00C70909 /* ViewController.swift in Sources */,
				1559D1B5225D026A00C70909 /* AppDelegate.swift in Sources */,
				1559D1E5225D06DF00C70909 /* FirstTeam.swift in Sources */,
			);
			runOnlyForDeploymentPostprocessing = 0;
		};
		1559D1C1225D02ED00C70909 /* Sources */ = {
			isa = PBXSourcesBuildPhase;
			buildActionMask = 2147483647;
			files = (
				1559D1CA225D02ED00C70909 /* USSestriLevanteTests.swift in Sources */,
			);
			runOnlyForDeploymentPostprocessing = 0;
		};
		1559D1CC225D02ED00C70909 /* Sources */ = {
			isa = PBXSourcesBuildPhase;
			buildActionMask = 2147483647;
			files = (
				1559D1D5225D02ED00C70909 /* USSestriLevanteUITests.swift in Sources */,
			);
			runOnlyForDeploymentPostprocessing = 0;
		};
/* End PBXSourcesBuildPhase section */

/* Begin PBXTargetDependency section */
		1559D1C7225D02ED00C70909 /* PBXTargetDependency */ = {
			isa = PBXTargetDependency;
			target = 1559D1B0225D026700C70909 /* USSestriLevante */;
			targetProxy = 1559D1C6225D02ED00C70909 /* PBXContainerItemProxy */;
		};
		1559D1D2225D02ED00C70909 /* PBXTargetDependency */ = {
			isa = PBXTargetDependency;
			target = 1559D1B0225D026700C70909 /* USSestriLevante */;
			targetProxy = 1559D1D1225D02ED00C70909 /* PBXContainerItemProxy */;
		};
/* End PBXTargetDependency section */

/* Begin PBXVariantGroup section */
		1559D1B8225D026B00C70909 /* Main.storyboard */ = {
			isa = PBXVariantGroup;
			children = (
				1559D1B9225D026B00C70909 /* Base */,
			);
			name = Main.storyboard;
			sourceTree = "<group>";
		};
		1559D1BD225D02E900C70909 /* LaunchScreen.storyboard */ = {
			isa = PBXVariantGroup;
			children = (
				1559D1BE225D02E900C70909 /* Base */,
			);
			name = LaunchScreen.storyboard;
			sourceTree = "<group>";
		};
/* End PBXVariantGroup section */

/* Begin XCBuildConfiguration section */
		1559D1D7225D02ED00C70909 /* Debug */ = {
			isa = XCBuildConfiguration;
			buildSettings = {
				ALWAYS_SEARCH_USER_PATHS = NO;
				CLANG_ANALYZER_NONNULL = YES;
				CLANG_ANALYZER_NUMBER_OBJECT_CONVERSION = YES_AGGRESSIVE;
				CLANG_CXX_LANGUAGE_STANDARD = "gnu++14";
				CLANG_CXX_LIBRARY = "libc++";
				CLANG_ENABLE_MODULES = YES;
				CLANG_ENABLE_OBJC_ARC = YES;
				CLANG_ENABLE_OBJC_WEAK = YES;
				CLANG_WARN_BLOCK_CAPTURE_AUTORELEASING = YES;
				CLANG_WARN_BOOL_CONVERSION = YES;
				CLANG_WARN_COMMA = YES;
				CLANG_WARN_CONSTANT_CONVERSION = YES;
				CLANG_WARN_DEPRECATED_OBJC_IMPLEMENTATIONS = YES;
				CLANG_WARN_DIRECT_OBJC_ISA_USAGE = YES_ERROR;
				CLANG_WARN_DOCUMENTATION_COMMENTS = YES;
				CLANG_WARN_EMPTY_BODY = YES;
				CLANG_WARN_ENUM_CONVERSION = YES;
				CLANG_WARN_INFINITE_RECURSION = YES;
				CLANG_WARN_INT_CONVERSION = YES;
				CLANG_WARN_NON_LITERAL_NULL_CONVERSION = YES;
				CLANG_WARN_OBJC_IMPLICIT_RETAIN_SELF = YES;
				CLANG_WARN_OBJC_LITERAL_CONVERSION = YES;
				CLANG_WARN_OBJC_ROOT_CLASS = YES_ERROR;
				CLANG_WARN_RANGE_LOOP_ANALYSIS = YES;
				CLANG_WARN_STRICT_PROTOTYPES = YES;
				CLANG_WARN_SUSPICIOUS_MOVE = YES;
				CLANG_WARN_UNGUARDED_AVAILABILITY = YES_AGGRESSIVE;
				CLANG_WARN_UNREACHABLE_CODE = YES;
				CLANG_WARN__DUPLICATE_METHOD_MATCH = YES;
				CODE_SIGN_IDENTITY = "iPhone Developer";
				COPY_PHASE_STRIP = NO;
				DEBUG_INFORMATION_FORMAT = dwarf;
				ENABLE_STRICT_OBJC_MSGSEND = YES;
				ENABLE_TESTABILITY = YES;
				GCC_C_LANGUAGE_STANDARD = gnu11;
				GCC_DYNAMIC_NO_PIC = NO;
				GCC_NO_COMMON_BLOCKS = YES;
				GCC_OPTIMIZATION_LEVEL = 0;
				GCC_PREPROCESSOR_DEFINITIONS = (
					"DEBUG=1",
					"$(inherited)",
				);
				GCC_WARN_64_TO_32_BIT_CONVERSION = YES;
				GCC_WARN_ABOUT_RETURN_TYPE = YES_ERROR;
				GCC_WARN_UNDECLARED_SELECTOR = YES;
				GCC_WARN_UNINITIALIZED_AUTOS = YES_AGGRESSIVE;
				GCC_WARN_UNUSED_FUNCTION = YES;
				GCC_WARN_UNUSED_VARIABLE = YES;
				IPHONEOS_DEPLOYMENT_TARGET = 12.1;
				MTL_ENABLE_DEBUG_INFO = INCLUDE_SOURCE;
				MTL_FAST_MATH = YES;
				ONLY_ACTIVE_ARCH = YES;
				SDKROOT = iphoneos;
				SWIFT_ACTIVE_COMPILATION_CONDITIONS = DEBUG;
				SWIFT_OPTIMIZATION_LEVEL = "-Onone";
			};
			name = Debug;
		};
		1559D1D8225D02ED00C70909 /* Release */ = {
			isa = XCBuildConfiguration;
			buildSettings = {
				ALWAYS_SEARCH_USER_PATHS = NO;
				CLANG_ANALYZER_NONNULL = YES;
				CLANG_ANALYZER_NUMBER_OBJECT_CONVERSION = YES_AGGRESSIVE;
				CLANG_CXX_LANGUAGE_STANDARD = "gnu++14";
				CLANG_CXX_LIBRARY = "libc++";
				CLANG_ENABLE_MODULES = YES;
				CLANG_ENABLE_OBJC_ARC = YES;
				CLANG_ENABLE_OBJC_WEAK = YES;
				CLANG_WARN_BLOCK_CAPTURE_AUTORELEASING = YES;
				CLANG_WARN_BOOL_CONVERSION = YES;
				CLANG_WARN_COMMA = YES;
				CLANG_WARN_CONSTANT_CONVERSION = YES;
				CLANG_WARN_DEPRECATED_OBJC_IMPLEMENTATIONS = YES;
				CLANG_WARN_DIRECT_OBJC_ISA_USAGE = YES_ERROR;
				CLANG_WARN_DOCUMENTATION_COMMENTS = YES;
				CLANG_WARN_EMPTY_BODY = YES;
				CLANG_WARN_ENUM_CONVERSION = YES;
				CLANG_WARN_INFINITE_RECURSION = YES;
				CLANG_WARN_INT_CONVERSION = YES;
				CLANG_WARN_NON_LITERAL_NULL_CONVERSION = YES;
				CLANG_WARN_OBJC_IMPLICIT_RETAIN_SELF = YES;
				CLANG_WARN_OBJC_LITERAL_CONVERSION = YES;
				CLANG_WARN_OBJC_ROOT_CLASS = YES_ERROR;
				CLANG_WARN_RANGE_LOOP_ANALYSIS = YES;
				CLANG_WARN_STRICT_PROTOTYPES = YES;
				CLANG_WARN_SUSPICIOUS_MOVE = YES;
				CLANG_WARN_UNGUARDED_AVAILABILITY = YES_AGGRESSIVE;
				CLANG_WARN_UNREACHABLE_CODE = YES;
				CLANG_WARN__DUPLICATE_METHOD_MATCH = YES;
				CODE_SIGN_IDENTITY = "iPhone Developer";
				COPY_PHASE_STRIP = NO;
				DEBUG_INFORMATION_FORMAT = "dwarf-with-dsym";
				ENABLE_NS_ASSERTIONS = NO;
				ENABLE_STRICT_OBJC_MSGSEND = YES;
				GCC_C_LANGUAGE_STANDARD = gnu11;
				GCC_NO_COMMON_BLOCKS = YES;
				GCC_WARN_64_TO_32_BIT_CONVERSION = YES;
				GCC_WARN_ABOUT_RETURN_TYPE = YES_ERROR;
				GCC_WARN_UNDECLARED_SELECTOR = YES;
				GCC_WARN_UNINITIALIZED_AUTOS = YES_AGGRESSIVE;
				GCC_WARN_UNUSED_FUNCTION = YES;
				GCC_WARN_UNUSED_VARIABLE = YES;
				IPHONEOS_DEPLOYMENT_TARGET = 12.1;
				MTL_ENABLE_DEBUG_INFO = NO;
				MTL_FAST_MATH = YES;
				SDKROOT = iphoneos;
				SWIFT_COMPILATION_MODE = wholemodule;
				SWIFT_OPTIMIZATION_LEVEL = "-O";
				VALIDATE_PRODUCT = YES;
			};
			name = Release;
		};
		1559D1DA225D02ED00C70909 /* Debug */ = {
			isa = XCBuildConfiguration;
			buildSettings = {
				ASSETCATALOG_COMPILER_APPICON_NAME = AppIcon;
				CODE_SIGN_STYLE = Automatic;
				DEVELOPMENT_TEAM = LZ2JRG37ZP;
				INFOPLIST_FILE = USSestriLevante/Info.plist;
				LD_RUNPATH_SEARCH_PATHS = (
					"$(inherited)",
					"@executable_path/Frameworks",
				);
				PRODUCT_BUNDLE_IDENTIFIER = AB.USSestriLevante;
				PRODUCT_NAME = "$(TARGET_NAME)";
				SWIFT_VERSION = 4.2;
				TARGETED_DEVICE_FAMILY = "1,2";
			};
			name = Debug;
		};
		1559D1DB225D02ED00C70909 /* Release */ = {
			isa = XCBuildConfiguration;
			buildSettings = {
				ASSETCATALOG_COMPILER_APPICON_NAME = AppIcon;
				CODE_SIGN_STYLE = Automatic;
				DEVELOPMENT_TEAM = LZ2JRG37ZP;
				INFOPLIST_FILE = USSestriLevante/Info.plist;
				LD_RUNPATH_SEARCH_PATHS = (
					"$(inherited)",
					"@executable_path/Frameworks",
				);
				PRODUCT_BUNDLE_IDENTIFIER = AB.USSestriLevante;
				PRODUCT_NAME = "$(TARGET_NAME)";
				SWIFT_VERSION = 4.2;
				TARGETED_DEVICE_FAMILY = "1,2";
			};
			name = Release;
		};
		1559D1DD225D02ED00C70909 /* Debug */ = {
			isa = XCBuildConfiguration;
			buildSettings = {
				ALWAYS_EMBED_SWIFT_STANDARD_LIBRARIES = YES;
				BUNDLE_LOADER = "$(TEST_HOST)";
				CODE_SIGN_STYLE = Automatic;
				DEVELOPMENT_TEAM = LZ2JRG37ZP;
				INFOPLIST_FILE = USSestriLevanteTests/Info.plist;
				LD_RUNPATH_SEARCH_PATHS = (
					"$(inherited)",
					"@executable_path/Frameworks",
					"@loader_path/Frameworks",
				);
				PRODUCT_BUNDLE_IDENTIFIER = AB.USSestriLevanteTests;
				PRODUCT_NAME = "$(TARGET_NAME)";
				SWIFT_VERSION = 4.2;
				TARGETED_DEVICE_FAMILY = "1,2";
				TEST_HOST = "$(BUILT_PRODUCTS_DIR)/USSestriLevante.app/USSestriLevante";
			};
			name = Debug;
		};
		1559D1DE225D02ED00C70909 /* Release */ = {
			isa = XCBuildConfiguration;
			buildSettings = {
				ALWAYS_EMBED_SWIFT_STANDARD_LIBRARIES = YES;
				BUNDLE_LOADER = "$(TEST_HOST)";
				CODE_SIGN_STYLE = Automatic;
				DEVELOPMENT_TEAM = LZ2JRG37ZP;
				INFOPLIST_FILE = USSestriLevanteTests/Info.plist;
				LD_RUNPATH_SEARCH_PATHS = (
					"$(inherited)",
					"@executable_path/Frameworks",
					"@loader_path/Frameworks",
				);
				PRODUCT_BUNDLE_IDENTIFIER = AB.USSestriLevanteTests;
				PRODUCT_NAME = "$(TARGET_NAME)";
				SWIFT_VERSION = 4.2;
				TARGETED_DEVICE_FAMILY = "1,2";
				TEST_HOST = "$(BUILT_PRODUCTS_DIR)/USSestriLevante.app/USSestriLevante";
			};
			name = Release;
		};
		1559D1E0225D02ED00C70909 /* Debug */ = {
			isa = XCBuildConfiguration;
			buildSettings = {
				ALWAYS_EMBED_SWIFT_STANDARD_LIBRARIES = YES;
				CODE_SIGN_STYLE = Automatic;
				DEVELOPMENT_TEAM = LZ2JRG37ZP;
				INFOPLIST_FILE = USSestriLevanteUITests/Info.plist;
				LD_RUNPATH_SEARCH_PATHS = (
					"$(inherited)",
					"@executable_path/Frameworks",
					"@loader_path/Frameworks",
				);
				PRODUCT_BUNDLE_IDENTIFIER = AB.USSestriLevanteUITests;
				PRODUCT_NAME = "$(TARGET_NAME)";
				SWIFT_VERSION = 4.2;
				TARGETED_DEVICE_FAMILY = "1,2";
				TEST_TARGET_NAME = USSestriLevante;
			};
			name = Debug;
		};
		1559D1E1225D02ED00C70909 /* Release */ = {
			isa = XCBuildConfiguration;
			buildSettings = {
				ALWAYS_EMBED_SWIFT_STANDARD_LIBRARIES = YES;
				CODE_SIGN_STYLE = Automatic;
				DEVELOPMENT_TEAM = LZ2JRG37ZP;
				INFOPLIST_FILE = USSestriLevanteUITests/Info.plist;
				LD_RUNPATH_SEARCH_PATHS = (
					"$(inherited)",
					"@executable_path/Frameworks",
					"@loader_path/Frameworks",
				);
				PRODUCT_BUNDLE_IDENTIFIER = AB.USSestriLevanteUITests;
				PRODUCT_NAME = "$(TARGET_NAME)";
				SWIFT_VERSION = 4.2;
				TARGETED_DEVICE_FAMILY = "1,2";
				TEST_TARGET_NAME = USSestriLevante;
			};
			name = Release;
		};
/* End XCBuildConfiguration section */

/* Begin XCConfigurationList section */
		1559D1AC225D026500C70909 /* Build configuration list for PBXProject "USSestriLevante" */ = {
			isa = XCConfigurationList;
			buildConfigurations = (
				1559D1D7225D02ED00C70909 /* Debug */,
				1559D1D8225D02ED00C70909 /* Release */,
			);
			defaultConfigurationIsVisible = 0;
			defaultConfigurationName = Release;
		};
		1559D1D9225D02ED00C70909 /* Build configuration list for PBXNativeTarget "USSestriLevante" */ = {
			isa = XCConfigurationList;
			buildConfigurations = (
				1559D1DA225D02ED00C70909 /* Debug */,
				1559D1DB225D02ED00C70909 /* Release */,
			);
			defaultConfigurationIsVisible = 0;
			defaultConfigurationName = Release;
		};
		1559D1DC225D02ED00C70909 /* Build configuration list for PBXNativeTarget "USSestriLevanteTests" */ = {
			isa = XCConfigurationList;
			buildConfigurations = (
				1559D1DD225D02ED00C70909 /* Debug */,
				1559D1DE225D02ED00C70909 /* Release */,
			);
			defaultConfigurationIsVisible = 0;
			defaultConfigurationName = Release;
		};
		1559D1DF225D02ED00C70909 /* Build configuration list for PBXNativeTarget "USSestriLevanteUITests" */ = {
			isa = XCConfigurationList;
			buildConfigurations = (
				1559D1E0225D02ED00C70909 /* Debug */,
				1559D1E1225D02ED00C70909 /* Release */,
			);
			defaultConfigurationIsVisible = 0;
			defaultConfigurationName = Release;
		};
/* End XCConfigurationList section */
	};
	rootObject = 1559D1A9225D026500C70909 /* Project object */;
}
